// !$*UTF8*$!
{
	archiveVersion = 1;
	classes = {
	};
	objectVersion = 46;
	objects = {

/* Begin PBXBuildFile section */
		FF2443E21AF34E830034F501 /* AppDelegate.swift in Sources */ = {isa = PBXBuildFile; fileRef = FF2443E11AF34E830034F501 /* AppDelegate.swift */; };
		FF2443E41AF34E830034F501 /* SearchResultViewController.swift in Sources */ = {isa = PBXBuildFile; fileRef = FF2443E31AF34E830034F501 /* SearchResultViewController.swift */; };
		FF2443E71AF34E830034F501 /* Main.storyboard in Resources */ = {isa = PBXBuildFile; fileRef = FF2443E51AF34E830034F501 /* Main.storyboard */; };
		FF2443E91AF34E830034F501 /* Images.xcassets in Resources */ = {isa = PBXBuildFile; fileRef = FF2443E81AF34E830034F501 /* Images.xcassets */; };
		FF2443EC1AF34E830034F501 /* LaunchScreen.xib in Resources */ = {isa = PBXBuildFile; fileRef = FF2443EA1AF34E830034F501 /* LaunchScreen.xib */; };
		FF2443F81AF34E830034F501 /* singleTests.swift in Sources */ = {isa = PBXBuildFile; fileRef = FF2443F71AF34E830034F501 /* singleTests.swift */; };
		FF2444021AF35B590034F501 /* APIController.swift in Sources */ = {isa = PBXBuildFile; fileRef = FF2444011AF35B590034F501 /* APIController.swift */; };
/* End PBXBuildFile section */

/* Begin PBXContainerItemProxy section */
		FF2443F21AF34E830034F501 /* PBXContainerItemProxy */ = {
			isa = PBXContainerItemProxy;
			containerPortal = FF2443D41AF34E830034F501 /* Project object */;
			proxyType = 1;
			remoteGlobalIDString = FF2443DB1AF34E830034F501;
			remoteInfo = single;
		};
/* End PBXContainerItemProxy section */

/* Begin PBXFileReference section */
		FF2443DC1AF34E830034F501 /* single.app */ = {isa = PBXFileReference; explicitFileType = wrapper.application; includeInIndex = 0; path = single.app; sourceTree = BUILT_PRODUCTS_DIR; };
		FF2443E01AF34E830034F501 /* Info.plist */ = {isa = PBXFileReference; lastKnownFileType = text.plist.xml; path = Info.plist; sourceTree = "<group>"; };
		FF2443E11AF34E830034F501 /* AppDelegate.swift */ = {isa = PBXFileReference; lastKnownFileType = sourcecode.swift; path = AppDelegate.swift; sourceTree = "<group>"; };
		FF2443E31AF34E830034F501 /* SearchResultViewController.swift */ = {isa = PBXFileReference; lastKnownFileType = sourcecode.swift; path = SearchResultViewController.swift; sourceTree = "<group>"; };
		FF2443E61AF34E830034F501 /* Base */ = {isa = PBXFileReference; lastKnownFileType = file.storyboard; name = Base; path = Base.lproj/Main.storyboard; sourceTree = "<group>"; };
		FF2443E81AF34E830034F501 /* Images.xcassets */ = {isa = PBXFileReference; lastKnownFileType = folder.assetcatalog; path = Images.xcassets; sourceTree = "<group>"; };
		FF2443EB1AF34E830034F501 /* Base */ = {isa = PBXFileReference; lastKnownFileType = file.xib; name = Base; path = Base.lproj/LaunchScreen.xib; sourceTree = "<group>"; };
		FF2443F11AF34E830034F501 /* singleTests.xctest */ = {isa = PBXFileReference; explicitFileType = wrapper.cfbundle; includeInIndex = 0; path = singleTests.xctest; sourceTree = BUILT_PRODUCTS_DIR; };
		FF2443F61AF34E830034F501 /* Info.plist */ = {isa = PBXFileReference; lastKnownFileType = text.plist.xml; path = Info.plist; sourceTree = "<group>"; };
		FF2443F71AF34E830034F501 /* singleTests.swift */ = {isa = PBXFileReference; lastKnownFileType = sourcecode.swift; path = singleTests.swift; sourceTree = "<group>"; };
		FF2444011AF35B590034F501 /* APIController.swift */ = {isa = PBXFileReference; fileEncoding = 4; lastKnownFileType = sourcecode.swift; name = APIController.swift; path = ../APIController.swift; sourceTree = "<group>"; };
/* End PBXFileReference section */

/* Begin PBXFrameworksBuildPhase section */
		FF2443D91AF34E830034F501 /* Frameworks */ = {
			isa = PBXFrameworksBuildPhase;
			buildActionMask = 2147483647;
			files = (
			);
			runOnlyForDeploymentPostprocessing = 0;
		};
		FF2443EE1AF34E830034F501 /* Frameworks */ = {
			isa = PBXFrameworksBuildPhase;
			buildActionMask = 2147483647;
			files = (
			);
			runOnlyForDeploymentPostprocessing = 0;
		};
/* End PBXFrameworksBuildPhase section */

/* Begin PBXGroup section */
		FF2443D31AF34E830034F501 = {
			isa = PBXGroup;
			children = (
				FF2443DE1AF34E830034F501 /* single */,
				FF2443F41AF34E830034F501 /* singleTests */,
				FF2443DD1AF34E830034F501 /* Products */,
			);
			sourceTree = "<group>";
		};
		FF2443DD1AF34E830034F501 /* Products */ = {
			isa = PBXGroup;
			children = (
				FF2443DC1AF34E830034F501 /* single.app */,
				FF2443F11AF34E830034F501 /* singleTests.xctest */,
			);
			name = Products;
			sourceTree = "<group>";
		};
		FF2443DE1AF34E830034F501 /* single */ = {
			isa = PBXGroup;
			children = (
				FF2444011AF35B590034F501 /* APIController.swift */,
				FF2443E11AF34E830034F501 /* AppDelegate.swift */,
				FF2443E31AF34E830034F501 /* SearchResultViewController.swift */,
				FF2443E51AF34E830034F501 /* Main.storyboard */,
				FF2443E81AF34E830034F501 /* Images.xcassets */,
				FF2443EA1AF34E830034F501 /* LaunchScreen.xib */,
				FF2443DF1AF34E830034F501 /* Supporting Files */,
			);
			path = single;
			sourceTree = "<group>";
		};
		FF2443DF1AF34E830034F501 /* Supporting Files */ = {
			isa = PBXGroup;
			children = (
				FF2443E01AF34E830034F501 /* Info.plist */,
			);
			name = "Supporting Files";
			sourceTree = "<group>";
		};
		FF2443F41AF34E830034F501 /* singleTests */ = {
			isa = PBXGroup;
			children = (
				FF2443F71AF34E830034F501 /* singleTests.swift */,
				FF2443F51AF34E830034F501 /* Supporting Files */,
			);
			path = singleTests;
			sourceTree = "<group>";
		};
		FF2443F51AF34E830034F501 /* Supporting Files */ = {
			isa = PBXGroup;
			children = (
				FF2443F61AF34E830034F501 /* Info.plist */,
			);
			name = "Supporting Files";
			sourceTree = "<group>";
		};
/* End PBXGroup section */

/* Begin PBXNativeTarget section */
		FF2443DB1AF34E830034F501 /* single */ = {
			isa = PBXNativeTarget;
			buildConfigurationList = FF2443FB1AF34E830034F501 /* Build configuration list for PBXNativeTarget "single" */;
			buildPhases = (
				FF2443D81AF34E830034F501 /* Sources */,
				FF2443D91AF34E830034F501 /* Frameworks */,
				FF2443DA1AF34E830034F501 /* Resources */,
			);
			buildRules = (
			);
			dependencies = (
			);
			name = single;
			productName = single;
			productReference = FF2443DC1AF34E830034F501 /* single.app */;
			productType = "com.apple.product-type.application";
		};
		FF2443F01AF34E830034F501 /* singleTests */ = {
			isa = PBXNativeTarget;
			buildConfigurationList = FF2443FE1AF34E830034F501 /* Build configuration list for PBXNativeTarget "singleTests" */;
			buildPhases = (
				FF2443ED1AF34E830034F501 /* Sources */,
				FF2443EE1AF34E830034F501 /* Frameworks */,
				FF2443EF1AF34E830034F501 /* Resources */,
			);
			buildRules = (
			);
			dependencies = (
				FF2443F31AF34E830034F501 /* PBXTargetDependency */,
			);
			name = singleTests;
			productName = singleTests;
			productReference = FF2443F11AF34E830034F501 /* singleTests.xctest */;
			productType = "com.apple.product-type.bundle.unit-test";
		};
/* End PBXNativeTarget section */

/* Begin PBXProject section */
		FF2443D41AF34E830034F501 /* Project object */ = {
			isa = PBXProject;
			attributes = {
				LastUpgradeCheck = 0630;
				ORGANIZATIONNAME = "Alexandra Strugaru";
				TargetAttributes = {
					FF2443DB1AF34E830034F501 = {
						CreatedOnToolsVersion = 6.3.1;
					};
					FF2443F01AF34E830034F501 = {
						CreatedOnToolsVersion = 6.3.1;
						TestTargetID = FF2443DB1AF34E830034F501;
					};
				};
			};
			buildConfigurationList = FF2443D71AF34E830034F501 /* Build configuration list for PBXProject "single" */;
			compatibilityVersion = "Xcode 3.2";
			developmentRegion = English;
			hasScannedForEncodings = 0;
			knownRegions = (
				en,
				Base,
			);
			mainGroup = FF2443D31AF34E830034F501;
			productRefGroup = FF2443DD1AF34E830034F501 /* Products */;
			projectDirPath = "";
			projectRoot = "";
			targets = (
				FF2443DB1AF34E830034F501 /* single */,
				FF2443F01AF34E830034F501 /* singleTests */,
			);
		};
/* End PBXProject section */

/* Begin PBXResourcesBuildPhase section */
		FF2443DA1AF34E830034F501 /* Resources */ = {
			isa = PBXResourcesBuildPhase;
			buildActionMask = 2147483647;
			files = (
				FF2443E71AF34E830034F501 /* Main.storyboard in Resources */,
				FF2443EC1AF34E830034F501 /* LaunchScreen.xib in Resources */,
				FF2443E91AF34E830034F501 /* Images.xcassets in Resources */,
			);
			runOnlyForDeploymentPostprocessing = 0;
		};
		FF2443EF1AF34E830034F501 /* Resources */ = {
			isa = PBXResourcesBuildPhase;
			buildActionMask = 2147483647;
			files = (
			);
			runOnlyForDeploymentPostprocessing = 0;
		};
/* End PBXResourcesBuildPhase section */

/* Begin PBXSourcesBuildPhase section */
		FF2443D81AF34E830034F501 /* Sources */ = {
			isa = PBXSourcesBuildPhase;
			buildActionMask = 2147483647;
			files = (
				FF2443E41AF34E830034F501 /* SearchResultViewController.swift in Sources */,
				FF2443E21AF34E830034F501 /* AppDelegate.swift in Sources */,
				FF2444021AF35B590034F501 /* APIController.swift in Sources */,
			);
			runOnlyForDeploymentPostprocessing = 0;
		};
		FF2443ED1AF34E830034F501 /* Sources */ = {
			isa = PBXSourcesBuildPhase;
			buildActionMask = 2147483647;
			files = (
				FF2443F81AF34E830034F501 /* singleTests.swift in Sources */,
			);
			runOnlyForDeploymentPostprocessing = 0;
		};
/* End PBXSourcesBuildPhase section */

/* Begin PBXTargetDependency section */
		FF2443F31AF34E830034F501 /* PBXTargetDependency */ = {
			isa = PBXTargetDependency;
			target = FF2443DB1AF34E830034F501 /* single */;
			targetProxy = FF2443F21AF34E830034F501 /* PBXContainerItemProxy */;
		};
/* End PBXTargetDependency section */

/* Begin PBXVariantGroup section */
		FF2443E51AF34E830034F501 /* Main.storyboard */ = {
			isa = PBXVariantGroup;
			children = (
				FF2443E61AF34E830034F501 /* Base */,
			);
			name = Main.storyboard;
			sourceTree = "<group>";
		};
		FF2443EA1AF34E830034F501 /* LaunchScreen.xib */ = {
			isa = PBXVariantGroup;
			children = (
				FF2443EB1AF34E830034F501 /* Base */,
			);
			name = LaunchScreen.xib;
			sourceTree = "<group>";
		};
/* End PBXVariantGroup section */

/* Begin XCBuildConfiguration section */
		FF2443F91AF34E830034F501 /* Debug */ = {
			isa = XCBuildConfiguration;
			buildSettings = {
				ALWAYS_SEARCH_USER_PATHS = NO;
				CLANG_CXX_LANGUAGE_STANDARD = "gnu++0x";
				CLANG_CXX_LIBRARY = "libc++";
				CLANG_ENABLE_MODULES = YES;
				CLANG_ENABLE_OBJC_ARC = YES;
				CLANG_WARN_BOOL_CONVERSION = YES;
				CLANG_WARN_CONSTANT_CONVERSION = YES;
				CLANG_WARN_DIRECT_OBJC_ISA_USAGE = YES_ERROR;
				CLANG_WARN_EMPTY_BODY = YES;
				CLANG_WARN_ENUM_CONVERSION = YES;
				CLANG_WARN_INT_CONVERSION = YES;
				CLANG_WARN_OBJC_ROOT_CLASS = YES_ERROR;
				CLANG_WARN_UNREACHABLE_CODE = YES;
				CLANG_WARN__DUPLICATE_METHOD_MATCH = YES;
				"CODE_SIGN_IDENTITY[sdk=iphoneos*]" = "iPhone Developer";
				COPY_PHASE_STRIP = NO;
				DEBUG_INFORMATION_FORMAT = "dwarf-with-dsym";
				ENABLE_STRICT_OBJC_MSGSEND = YES;
				GCC_C_LANGUAGE_STANDARD = gnu99;
				GCC_DYNAMIC_NO_PIC = NO;
				GCC_NO_COMMON_BLOCKS = YES;
				GCC_OPTIMIZATION_LEVEL = 0;
				GCC_PREPROCESSOR_DEFINITIONS = (
					"DEBUG=1",
					"$(inherited)",
				);
				GCC_SYMBOLS_PRIVATE_EXTERN = NO;
				GCC_WARN_64_TO_32_BIT_CONVERSION = YES;
				GCC_WARN_ABOUT_RETURN_TYPE = YES_ERROR;
				GCC_WARN_UNDECLARED_SELECTOR = YES;
				GCC_WARN_UNINITIALIZED_AUTOS = YES_AGGRESSIVE;
				GCC_WARN_UNUSED_FUNCTION = YES;
				GCC_WARN_UNUSED_VARIABLE = YES;
				IPHONEOS_DEPLOYMENT_TARGET = 8.3;
				MTL_ENABLE_DEBUG_INFO = YES;
				ONLY_ACTIVE_ARCH = YES;
				SDKROOT = iphoneos;
				SWIFT_OPTIMIZATION_LEVEL = "-Onone";
				TARGETED_DEVICE_FAMILY = "1,2";
			};
			name = Debug;
		};
		FF2443FA1AF34E830034F501 /* Release */ = {
			isa = XCBuildConfiguration;
			buildSettings = {
				ALWAYS_SEARCH_USER_PATHS = NO;
				CLANG_CXX_LANGUAGE_STANDARD = "gnu++0x";
				CLANG_CXX_LIBRARY = "libc++";
				CLANG_ENABLE_MODULES = YES;
				CLANG_ENABLE_OBJC_ARC = YES;
				CLANG_WARN_BOOL_CONVERSION = YES;
				CLANG_WARN_CONSTANT_CONVERSION = YES;
				CLANG_WARN_DIRECT_OBJC_ISA_USAGE = YES_ERROR;
				CLANG_WARN_EMPTY_BODY = YES;
				CLANG_WARN_ENUM_CONVERSION = YES;
				CLANG_WARN_INT_CONVERSION = YES;
				CLANG_WARN_OBJC_ROOT_CLASS = YES_ERROR;
				CLANG_WARN_UNREACHABLE_CODE = YES;
				CLANG_WARN__DUPLICATE_METHOD_MATCH = YES;
				"CODE_SIGN_IDENTITY[sdk=iphoneos*]" = "iPhone Developer";
				COPY_PHASE_STRIP = NO;
				DEBUG_INFORMATION_FORMAT = "dwarf-with-dsym";
				ENABLE_NS_ASSERTIONS = NO;
				ENABLE_STRICT_OBJC_MSGSEND = YES;
				GCC_C_LANGUAGE_STANDARD = gnu99;
				GCC_NO_COMMON_BLOCKS = YES;
				GCC_WARN_64_TO_32_BIT_CONVERSION = YES;
				GCC_WARN_ABOUT_RETURN_TYPE = YES_ERROR;
				GCC_WARN_UNDECLARED_SELECTOR = YES;
				GCC_WARN_UNINITIALIZED_AUTOS = YES_AGGRESSIVE;
				GCC_WARN_UNUSED_FUNCTION = YES;
				GCC_WARN_UNUSED_VARIABLE = YES;
				IPHONEOS_DEPLOYMENT_TARGET = 8.3;
				MTL_ENABLE_DEBUG_INFO = NO;
				SDKROOT = iphoneos;
				TARGETED_DEVICE_FAMILY = "1,2";
				VALIDATE_PRODUCT = YES;
			};
			name = Release;
		};
		FF2443FC1AF34E830034F501 /* Debug */ = {
			isa = XCBuildConfiguration;
			buildSettings = {
				ASSETCATALOG_COMPILER_APPICON_NAME = AppIcon;
				INFOPLIST_FILE = single/Info.plist;
				LD_RUNPATH_SEARCH_PATHS = "$(inherited) @executable_path/Frameworks";
				PRODUCT_NAME = "$(TARGET_NAME)";
			};
			name = Debug;
		};
		FF2443FD1AF34E830034F501 /* Release */ = {
			isa = XCBuildConfiguration;
			buildSettings = {
				ASSETCATALOG_COMPILER_APPICON_NAME = AppIcon;
				INFOPLIST_FILE = single/Info.plist;
				LD_RUNPATH_SEARCH_PATHS = "$(inherited) @executable_path/Frameworks";
				PRODUCT_NAME = "$(TARGET_NAME)";
			};
			name = Release;
		};
		FF2443FF1AF34E830034F501 /* Debug */ = {
			isa = XCBuildConfiguration;
			buildSettings = {
				BUNDLE_LOADER = "$(TEST_HOST)";
				FRAMEWORK_SEARCH_PATHS = (
					"$(SDKROOT)/Developer/Library/Frameworks",
					"$(inherited)",
				);
				GCC_PREPROCESSOR_DEFINITIONS = (
					"DEBUG=1",
					"$(inherited)",
				);
				INFOPLIST_FILE = singleTests/Info.plist;
				LD_RUNPATH_SEARCH_PATHS = "$(inherited) @executable_path/Frameworks @loader_path/Frameworks";
				PRODUCT_NAME = "$(TARGET_NAME)";
				TEST_HOST = "$(BUILT_PRODUCTS_DIR)/single.app/single";
			};
			name = Debug;
		};
		FF2444001AF34E830034F501 /* Release */ = {
			isa = XCBuildConfiguration;
			buildSettings = {
				BUNDLE_LOADER = "$(TEST_HOST)";
				FRAMEWORK_SEARCH_PATHS = (
					"$(SDKROOT)/Developer/Library/Frameworks",
					"$(inherited)",
				);
				INFOPLIST_FILE = singleTests/Info.plist;
				LD_RUNPATH_SEARCH_PATHS = "$(inherited) @executable_path/Frameworks @loader_path/Frameworks";
				PRODUCT_NAME = "$(TARGET_NAME)";
				TEST_HOST = "$(BUILT_PRODUCTS_DIR)/single.app/single";
			};
			name = Release;
		};
/* End XCBuildConfiguration section */

/* Begin XCConfigurationList section */
		FF2443D71AF34E830034F501 /* Build configuration list for PBXProject "single" */ = {
			isa = XCConfigurationList;
			buildConfigurations = (
				FF2443F91AF34E830034F501 /* Debug */,
				FF2443FA1AF34E830034F501 /* Release */,
			);
			defaultConfigurationIsVisible = 0;
			defaultConfigurationName = Release;
		};
		FF2443FB1AF34E830034F501 /* Build configuration list for PBXNativeTarget "single" */ = {
			isa = XCConfigurationList;
			buildConfigurations = (
				FF2443FC1AF34E830034F501 /* Debug */,
				FF2443FD1AF34E830034F501 /* Release */,
			);
			defaultConfigurationIsVisible = 0;
		};
		FF2443FE1AF34E830034F501 /* Build configuration list for PBXNativeTarget "singleTests" */ = {
			isa = XCConfigurationList;
			buildConfigurations = (
				FF2443FF1AF34E830034F501 /* Debug */,
				FF2444001AF34E830034F501 /* Release */,
			);
			defaultConfigurationIsVisible = 0;
		};
/* End XCConfigurationList section */
	};
	rootObject = FF2443D41AF34E830034F501 /* Project object */;
}
